github.com/FortAwesome/Font-Awesome v0.0.0-20210316185733-d79d85c3fad8 h1:3h1ZlZmKNqZtiTD6FF7GijnIB/PU9/jR+dclHF80pFE=
github.com/FortAwesome/Font-Awesome v0.0.0-20210316185733-d79d85c3fad8/go.mod h1:IUgezN/MFpCDIlFezw3L8j83oeiIuYoj28Miwr/KUYo=
github.com/hugo-mods/icons v0.0.0-20220508080705-d938a1900b1c h1:BHTy85KaX2uQnC+1i5NRVAxiJNOwpIwQXlY/zpLD6zA=
github.com/hugo-mods/icons v0.0.0-20220508080705-d938a1900b1c/go.mod h1:sPodUyqumOYz75PKIwmqOYZXLIcLAujn7V9+1Hk4VW8=
github.com/hugo-sid/hugo-blog-awesome v1.19.0 h1:mKI+aTvXiFY6XSV/4VHdUsn82sL72Vh9OuBbYh3wy8U=
github.com/hugo-sid/hugo-blog-awesome v1.19.0/go.mod h1:3XVERF66wgQpTsruOajS5Swr+uvyTzov1acafNaqm1E=
github.com/hugomods/font-awesome v6.7.1+incompatible h1:eM2vtHyQJVMnD9tgdGFbEgEiPh3sqnmu3EP3CFTyPLY=
github.com/hugomods/font-awesome v6.7.1+incompatible/go.mod h1:C2wW6xDvHkcMlJMVTPQ+Npt+rO0OGv13xT1iyll2z2Q=
github.com/hugomods/icons v0.6.6 h1:gGlafcBDRP7sSID+tgLcWdog+s/QBj8DIfU+h9tZj1U=
github.com/hugomods/icons v0.6.6/go.mod h1:cIkSvK6W0q6N4U6n9KGz+QfRWQXAW0INd+1P31gPNGg=
github.com/hugomods/icons/vendors/font-awesome v0.6.12 h1:I8ckJFuxr8mD8bJ4NX9NrmnHd3f6XvITuD2ME8a9wXc=
github.com/hugomods/icons/vendors/font-awesome v0.6.12/go.mod h1:6YBo/5GaNpAocKwnKNWcd9xkliiRJXmwz2mstY5lr9I=
github.com/hugomods/images v0.11.2 h1:d7u3c/ePboeOGx8OI5eUnilpA79YvD7KJjUgqVMR83Y=
github.com/hugomods/images v0.11.2/go.mod h1:U6Gwj16LKvk66rOMyGFrnF6f0aV8lT89lqOsckOAjYY=
github.com/kaiiiz/hugo-theme-monochrome v4.0.0+incompatible h1:jtmnwW3fz36d3I8Dq4lOEJ+pmMtSjqF0b5xw17ZNWEw=
github.com/kaiiiz/hugo-theme-monochrome v4.0.0+incompatible/go.mod h1:la906j3s0e3SFjWmXPM84sX8b/WU1wejqR6XaGmBO2I=
github.com/themefisher/meghna-hugo v1.1.0 h1:7Dyy5mkbTDwj5cGLhNpgaEoiEKf9Q3LwIHfCr+abR7Y=
github.com/themefisher/meghna-hugo v1.1.0/go.mod h1:K0U8mZttiB46/S4qgHqi6o5C9NtqiewIrF7MaWVWuvc=
